
Microsoft Visual Studio Solution File, Format Version 12.00
# Visual Studio Version 16
VisualStudioVersion = 16.0.31129.286
MinimumVisualStudioVersion = 10.0.40219.1
Project("{FAE04EC0-301F-11D3-BF4B-00C04F79EFBC}") = "ClientuAlaBlanaCuForm", "ClientuAlaBlanaCuForm.csproj", "{7FB0A8F5-D871-44FA-9524-E2E26FEEF80C}"
EndProject
Global
	GlobalSection(SolutionConfigurationPlatforms) = preSolution
		Debug|Any CPU = Debug|Any CPU
		Release|Any CPU = Release|Any CPU
	EndGlobalSection
	GlobalSection(ProjectConfigurationPlatforms) = postSolution
		{7FB0A8F5-D871-44FA-9524-E2E26FEEF80C}.Debug|Any CPU.ActiveCfg = Debug|Any CPU
		{7FB0A8F5-D871-44FA-9524-E2E26FEEF80C}.Debug|Any CPU.Build.0 = Debug|Any CPU
		{7FB0A8F5-D871-44FA-9524-E2E26FEEF80C}.Release|Any CPU.ActiveCfg = Release|Any CPU
		{7FB0A8F5-D871-44FA-9524-E2E26FEEF80C}.Release|Any CPU.Build.0 = Release|Any CPU
	EndGlobalSection
	GlobalSection(SolutionProperties) = preSolution
		HideSolutionNode = FALSE
	EndGlobalSection
	GlobalSection(ExtensibilityGlobals) = postSolution
		SolutionGuid = {4B3056A5-21C8-4E8A-8D7F-2191AC0BA3D5}
	EndGlobalSection
EndGlobal
