
Microsoft Visual Studio Solution File, Format Version 12.00
# Visual Studio Version 16
VisualStudioVersion = 16.0.31129.286
MinimumVisualStudioVersion = 10.0.40219.1
Project("{FAE04EC0-301F-11D3-BF4B-00C04F79EFBC}") = "Service1", "Service1.csproj", "{05C52997-93C8-4EA4-B5FF-167C520E948C}"
EndProject
Global
	GlobalSection(SolutionConfigurationPlatforms) = preSolution
		Debug|Any CPU = Debug|Any CPU
		Release|Any CPU = Release|Any CPU
	EndGlobalSection
	GlobalSection(ProjectConfigurationPlatforms) = postSolution
		{05C52997-93C8-4EA4-B5FF-167C520E948C}.Debug|Any CPU.ActiveCfg = Debug|Any CPU
		{05C52997-93C8-4EA4-B5FF-167C520E948C}.Debug|Any CPU.Build.0 = Debug|Any CPU
		{05C52997-93C8-4EA4-B5FF-167C520E948C}.Release|Any CPU.ActiveCfg = Release|Any CPU
		{05C52997-93C8-4EA4-B5FF-167C520E948C}.Release|Any CPU.Build.0 = Release|Any CPU
	EndGlobalSection
	GlobalSection(SolutionProperties) = preSolution
		HideSolutionNode = FALSE
	EndGlobalSection
	GlobalSection(ExtensibilityGlobals) = postSolution
		SolutionGuid = {7098C568-CC7F-4003-AF15-0C1110783315}
	EndGlobalSection
EndGlobal
