
Microsoft Visual Studio Solution File, Format Version 12.00
# Visual Studio Version 16
VisualStudioVersion = 16.0.31129.286
MinimumVisualStudioVersion = 10.0.40219.1
Project("{FAE04EC0-301F-11D3-BF4B-00C04F79EFBC}") = "ClientuAlaBlanaCuFormDianalaDinCareTrebe", "ClientuAlaBlanaCuFormDianalaDinCareTrebe.csproj", "{4A40E7AE-9529-4CF3-BD38-E0D47DD978FD}"
EndProject
Global
	GlobalSection(SolutionConfigurationPlatforms) = preSolution
		Debug|Any CPU = Debug|Any CPU
		Release|Any CPU = Release|Any CPU
	EndGlobalSection
	GlobalSection(ProjectConfigurationPlatforms) = postSolution
		{4A40E7AE-9529-4CF3-BD38-E0D47DD978FD}.Debug|Any CPU.ActiveCfg = Debug|Any CPU
		{4A40E7AE-9529-4CF3-BD38-E0D47DD978FD}.Debug|Any CPU.Build.0 = Debug|Any CPU
		{4A40E7AE-9529-4CF3-BD38-E0D47DD978FD}.Release|Any CPU.ActiveCfg = Release|Any CPU
		{4A40E7AE-9529-4CF3-BD38-E0D47DD978FD}.Release|Any CPU.Build.0 = Release|Any CPU
	EndGlobalSection
	GlobalSection(SolutionProperties) = preSolution
		HideSolutionNode = FALSE
	EndGlobalSection
	GlobalSection(ExtensibilityGlobals) = postSolution
		SolutionGuid = {5B2A72AE-D0A4-4CEF-878F-3335498D4D0F}
	EndGlobalSection
EndGlobal
